[[package]]
name = "dawg-python"
version = "0.7.2"
description = "Pure-python reader for DAWGs (DAFSAs) created by dawgdic C++ library or DAWG Python extension."
category = "main"
optional = true
python-versions = "*"

[[package]]
name = "docopt"
version = "0.6.2"
description = "Pythonic argument parser, that will make you smile"
category = "main"
optional = true
python-versions = "*"

[[package]]
name = "pymorphy2"
version = "0.9.1"
description = "Morphological analyzer (POS tagger + inflection engine) for Russian language."
category = "main"
optional = true
python-versions = "*"

[package.dependencies]
dawg-python = ">=0.7.1"
docopt = ">=0.6"
pymorphy2-dicts-ru = ">=2.4,<3.0"

[package.extras]
fast = ["DAWG (>=0.8)"]

[[package]]
name = "pymorphy2-dicts-ru"
version = "2.4.417127.4579844"
description = "Russian dictionaries for pymorphy2"
category = "main"
optional = true
python-versions = "*"

[[package]]
name = "pytz"
version = "2022.1"
description = "World timezone definitions, modern and historical"
category = "main"
optional = true
python-versions = "*"

[metadata]
lock-version = "1.1"
python-versions = ">=3.8"
content-hash = "aaaae986e8c774b19cbbb089faf0652a10052476d765df5930ca87500eb15e9e"

[metadata.files]
dawg-python = [
    {file = "DAWG-Python-0.7.2.tar.gz", hash = "sha256:4a5e3286e6261cca02f205cfd5516a7ab10190fa30c51c28d345808f595e3421"},
    {file = "DAWG_Python-0.7.2-py2.py3-none-any.whl", hash = "sha256:4941d5df081b8d6fcb4597e073a9f60d5c1ccc9d17cd733e8744d7ecfec94ef3"},
]
docopt = [
    {file = "docopt-0.6.2.tar.gz", hash = "sha256:49b3a825280bd66b3aa83585ef59c4a8c82f2c8a522dbe754a8bc8d08c85c491"},
]
pymorphy2 = [
    {file = "pymorphy2-0.9.1-py3-none-any.whl", hash = "sha256:a5224ec153cd6920a33961ae636793ad5185143bc8045b3f9a9f8bd62ecacf68"},
    {file = "pymorphy2-0.9.1.tar.gz", hash = "sha256:86c447157dee2eb2341efbe4538e1281a754756ba1aa32da77a89614c58b560c"},
]
pymorphy2-dicts-ru = [
    {file = "pymorphy2-dicts-ru-2.4.417127.4579844.tar.gz", hash = "sha256:78cad03adca605021abd387a3b2eb515c851b86e94682a1ef2354a2c74fcc196"},
    {file = "pymorphy2_dicts_ru-2.4.417127.4579844-py2.py3-none-any.whl", hash = "sha256:9a322a6ee78fd4a5dceead0545c24b9a91687ad5df95cbac1b36f6c36cbb498a"},
]
pytz = [
    {file = "pytz-2022.1-py2.py3-none-any.whl", hash = "sha256:e68985985296d9a66a881eb3193b0906246245294a881e7c8afe623866ac6a5c"},
    {file = "pytz-2022.1.tar.gz", hash = "sha256:1e760e2fe6a8163bc0b3d9a19c4f84342afa0a2affebfaa84b01b978a02ecaa7"},
]
